
Microsoft Visual Studio Solution File, Format Version 12.00
# Visual Studio Version 16
VisualStudioVersion = 16.0.29709.97
MinimumVisualStudioVersion = 10.0.40219.1
Project("{FAE04EC0-301F-11D3-BF4B-00C04F79EFBC}") = "PlantillaWebHospital", "PlantillaWebHospital\PlantillaWebHospital.csproj", "{837EA902-C469-41AE-8CBC-821FB6969FFE}"
EndProject
Global
	GlobalSection(SolutionConfigurationPlatforms) = preSolution
		Debug|Any CPU = Debug|Any CPU
		Release|Any CPU = Release|Any CPU
	EndGlobalSection
	GlobalSection(ProjectConfigurationPlatforms) = postSolution
		{837EA902-C469-41AE-8CBC-821FB6969FFE}.Debug|Any CPU.ActiveCfg = Debug|Any CPU
		{837EA902-C469-41AE-8CBC-821FB6969FFE}.Debug|Any CPU.Build.0 = Debug|Any CPU
		{837EA902-C469-41AE-8CBC-821FB6969FFE}.Release|Any CPU.ActiveCfg = Release|Any CPU
		{837EA902-C469-41AE-8CBC-821FB6969FFE}.Release|Any CPU.Build.0 = Release|Any CPU
	EndGlobalSection
	GlobalSection(SolutionProperties) = preSolution
		HideSolutionNode = FALSE
	EndGlobalSection
	GlobalSection(ExtensibilityGlobals) = postSolution
		SolutionGuid = {A80B3CAF-C555-41AC-AA92-F50FF7D52A92}
	EndGlobalSection
EndGlobal
